
Microsoft Visual Studio Solution File, Format Version 12.00
# Visual Studio Version 17
VisualStudioVersion = 17.5.002.0
MinimumVisualStudioVersion = 10.0.40219.1
Project("{9A19103F-16F7-4668-BE54-9A1E7A4F7556}") = "KnxFileTransferClient.Lib", "KnxFileTransferClient.Lib.csproj", "{64321CB3-88D2-406E-BBB3-86990461D857}"
EndProject
Global
	GlobalSection(SolutionConfigurationPlatforms) = preSolution
		Debug|Any CPU = Debug|Any CPU
		Release|Any CPU = Release|Any CPU
	EndGlobalSection
	GlobalSection(ProjectConfigurationPlatforms) = postSolution
		{64321CB3-88D2-406E-BBB3-86990461D857}.Debug|Any CPU.ActiveCfg = Debug|Any CPU
		{64321CB3-88D2-406E-BBB3-86990461D857}.Debug|Any CPU.Build.0 = Debug|Any CPU
		{64321CB3-88D2-406E-BBB3-86990461D857}.Release|Any CPU.ActiveCfg = Release|Any CPU
		{64321CB3-88D2-406E-BBB3-86990461D857}.Release|Any CPU.Build.0 = Release|Any CPU
	EndGlobalSection
	GlobalSection(SolutionProperties) = preSolution
		HideSolutionNode = FALSE
	EndGlobalSection
	GlobalSection(ExtensibilityGlobals) = postSolution
		SolutionGuid = {A7B33F42-1FA9-4CB9-90C7-1F38416C789A}
	EndGlobalSection
EndGlobal
